
Microsoft Visual Studio Solution File, Format Version 12.00
# Visual Studio Version 17
VisualStudioVersion = 17.4.33213.308
MinimumVisualStudioVersion = 10.0.40219.1
Project("{FAE04EC0-301F-11D3-BF4B-00C04F79EFBC}") = "Tienda", "Tienda.csproj", "{FA008CC0-37B8-4F08-AB90-B06168D698DB}"
EndProject
Global
	GlobalSection(SolutionConfigurationPlatforms) = preSolution
		Debug|Any CPU = Debug|Any CPU
		Release|Any CPU = Release|Any CPU
	EndGlobalSection
	GlobalSection(ProjectConfigurationPlatforms) = postSolution
		{FA008CC0-37B8-4F08-AB90-B06168D698DB}.Debug|Any CPU.ActiveCfg = Debug|Any CPU
		{FA008CC0-37B8-4F08-AB90-B06168D698DB}.Debug|Any CPU.Build.0 = Debug|Any CPU
		{FA008CC0-37B8-4F08-AB90-B06168D698DB}.Release|Any CPU.ActiveCfg = Release|Any CPU
		{FA008CC0-37B8-4F08-AB90-B06168D698DB}.Release|Any CPU.Build.0 = Release|Any CPU
	EndGlobalSection
	GlobalSection(SolutionProperties) = preSolution
		HideSolutionNode = FALSE
	EndGlobalSection
	GlobalSection(ExtensibilityGlobals) = postSolution
		SolutionGuid = {5EDEB394-F57C-495C-932F-6FF056E855B1}
	EndGlobalSection
EndGlobal
